
Microsoft Visual Studio Solution File, Format Version 12.00
# Visual Studio Version 17
VisualStudioVersion = 17.7.34031.279
MinimumVisualStudioVersion = 10.0.40219.1
Project("{2150E333-8FDC-42A3-9474-1A3956D46DE8}") = "Core", "Core", "{45961645-0E28-4952-B4F4-9FDB1F4E6AEF}"
EndProject
Project("{2150E333-8FDC-42A3-9474-1A3956D46DE8}") = "Infrastructure", "Infrastructure", "{AA8C064C-8722-4F23-8B37-AA5D3760527E}"
EndProject
Project("{FAE04EC0-301F-11D3-BF4B-00C04F79EFBC}") = "CustomerApp.Core.Interfaces", "CustomerApp.Core.Interfaces\CustomerApp.Core.Interfaces.csproj", "{6A9C5D89-E9FB-49E1-A11C-9B04E7B91142}"
EndProject
Project("{FAE04EC0-301F-11D3-BF4B-00C04F79EFBC}") = "CustomerApp.Core.Models", "CustomerApp.Core.Models\CustomerApp.Core.Models.csproj", "{6DE14245-CA4C-4788-B7AC-8950BE56B098}"
EndProject
Project("{2150E333-8FDC-42A3-9474-1A3956D46DE8}") = "ConfigurationDetails", "ConfigurationDetails", "{9B505754-2B2F-4E17-800C-C70BD39299D6}"
EndProject
Project("{FAE04EC0-301F-11D3-BF4B-00C04F79EFBC}") = "CustomerApp.Infrastructure.Configuration", "CustomerApp.Infrastructure.Configuration\CustomerApp.Infrastructure.Configuration.csproj", "{F4B4B1FB-EC11-43FD-BC8C-F04D3C6A3EE3}"
EndProject
Project("{2150E333-8FDC-42A3-9474-1A3956D46DE8}") = "Database", "Database", "{853E2FEE-9123-45F5-B810-E283CA5A2D26}"
EndProject
Project("{2150E333-8FDC-42A3-9474-1A3956D46DE8}") = "Cosmos", "Cosmos", "{8CB32E14-ADFF-4B8E-A945-4269C1BAD978}"
EndProject
Project("{2150E333-8FDC-42A3-9474-1A3956D46DE8}") = "SQL", "SQL", "{DBA0589B-351A-49A4-97F0-0D71E0E568F6}"
EndProject
Project("{FAE04EC0-301F-11D3-BF4B-00C04F79EFBC}") = "CustomerApp.Infrastructure.CosmosData", "CustomerApp.Infrastructure.CosmosData\CustomerApp.Infrastructure.CosmosData.csproj", "{E15B198F-FF73-4A12-9F68-3F764400E72E}"
EndProject
Project("{FAE04EC0-301F-11D3-BF4B-00C04F79EFBC}") = "CustomerApp.Infrastructure.SQLData", "CustomerApp.Infrastructure.SQLData\CustomerApp.Infrastructure.SQLData.csproj", "{CC9C8795-1B6C-4FEC-AD85-5E301906D86E}"
EndProject
Project("{2150E333-8FDC-42A3-9474-1A3956D46DE8}") = "Logging", "Logging", "{E2015D73-92CE-4062-B366-F7DE36602A46}"
EndProject
Project("{2150E333-8FDC-42A3-9474-1A3956D46DE8}") = "ApplicationInsight", "ApplicationInsight", "{120ECE97-50FC-4BFF-A414-0261CF45ADA3}"
EndProject
Project("{2150E333-8FDC-42A3-9474-1A3956D46DE8}") = "On-Premise", "On-Premise", "{73367387-5193-4FD6-A3FA-F61374FE4216}"
EndProject
Project("{FAE04EC0-301F-11D3-BF4B-00C04F79EFBC}") = "CustomerApp.Infrastructure.Logging.AppInsight", "CustomerApp.Infrastructure.Logging.AppInsight\CustomerApp.Infrastructure.Logging.AppInsight.csproj", "{C74B16F5-BDC1-4619-B0F9-9B30157A410E}"
EndProject
Project("{FAE04EC0-301F-11D3-BF4B-00C04F79EFBC}") = "CustomerApp.Infrastructure.Logging.Onpremise", "CustomerApp.Infrastructure.Logging.Onpremise\CustomerApp.Infrastructure.Logging.Onpremise.csproj", "{C4D80F65-193B-424A-8EB0-CB4E7CB4F58C}"
EndProject
Project("{FAE04EC0-301F-11D3-BF4B-00C04F79EFBC}") = "Conference-CleanArchitecture", "Conference-CleanArchitecture\Conference-CleanArchitecture.csproj", "{1019123C-5103-489D-AAC4-8C4F4D72AB2C}"
EndProject
Global
	GlobalSection(SolutionConfigurationPlatforms) = preSolution
		Debug|Any CPU = Debug|Any CPU
		Release|Any CPU = Release|Any CPU
	EndGlobalSection
	GlobalSection(ProjectConfigurationPlatforms) = postSolution
		{6A9C5D89-E9FB-49E1-A11C-9B04E7B91142}.Debug|Any CPU.ActiveCfg = Debug|Any CPU
		{6A9C5D89-E9FB-49E1-A11C-9B04E7B91142}.Debug|Any CPU.Build.0 = Debug|Any CPU
		{6A9C5D89-E9FB-49E1-A11C-9B04E7B91142}.Release|Any CPU.ActiveCfg = Release|Any CPU
		{6A9C5D89-E9FB-49E1-A11C-9B04E7B91142}.Release|Any CPU.Build.0 = Release|Any CPU
		{6DE14245-CA4C-4788-B7AC-8950BE56B098}.Debug|Any CPU.ActiveCfg = Debug|Any CPU
		{6DE14245-CA4C-4788-B7AC-8950BE56B098}.Debug|Any CPU.Build.0 = Debug|Any CPU
		{6DE14245-CA4C-4788-B7AC-8950BE56B098}.Release|Any CPU.ActiveCfg = Release|Any CPU
		{6DE14245-CA4C-4788-B7AC-8950BE56B098}.Release|Any CPU.Build.0 = Release|Any CPU
		{F4B4B1FB-EC11-43FD-BC8C-F04D3C6A3EE3}.Debug|Any CPU.ActiveCfg = Debug|Any CPU
		{F4B4B1FB-EC11-43FD-BC8C-F04D3C6A3EE3}.Debug|Any CPU.Build.0 = Debug|Any CPU
		{F4B4B1FB-EC11-43FD-BC8C-F04D3C6A3EE3}.Release|Any CPU.ActiveCfg = Release|Any CPU
		{F4B4B1FB-EC11-43FD-BC8C-F04D3C6A3EE3}.Release|Any CPU.Build.0 = Release|Any CPU
		{E15B198F-FF73-4A12-9F68-3F764400E72E}.Debug|Any CPU.ActiveCfg = Debug|Any CPU
		{E15B198F-FF73-4A12-9F68-3F764400E72E}.Debug|Any CPU.Build.0 = Debug|Any CPU
		{E15B198F-FF73-4A12-9F68-3F764400E72E}.Release|Any CPU.ActiveCfg = Release|Any CPU
		{E15B198F-FF73-4A12-9F68-3F764400E72E}.Release|Any CPU.Build.0 = Release|Any CPU
		{CC9C8795-1B6C-4FEC-AD85-5E301906D86E}.Debug|Any CPU.ActiveCfg = Debug|Any CPU
		{CC9C8795-1B6C-4FEC-AD85-5E301906D86E}.Debug|Any CPU.Build.0 = Debug|Any CPU
		{CC9C8795-1B6C-4FEC-AD85-5E301906D86E}.Release|Any CPU.ActiveCfg = Release|Any CPU
		{CC9C8795-1B6C-4FEC-AD85-5E301906D86E}.Release|Any CPU.Build.0 = Release|Any CPU
		{C74B16F5-BDC1-4619-B0F9-9B30157A410E}.Debug|Any CPU.ActiveCfg = Debug|Any CPU
		{C74B16F5-BDC1-4619-B0F9-9B30157A410E}.Debug|Any CPU.Build.0 = Debug|Any CPU
		{C74B16F5-BDC1-4619-B0F9-9B30157A410E}.Release|Any CPU.ActiveCfg = Release|Any CPU
		{C74B16F5-BDC1-4619-B0F9-9B30157A410E}.Release|Any CPU.Build.0 = Release|Any CPU
		{C4D80F65-193B-424A-8EB0-CB4E7CB4F58C}.Debug|Any CPU.ActiveCfg = Debug|Any CPU
		{C4D80F65-193B-424A-8EB0-CB4E7CB4F58C}.Debug|Any CPU.Build.0 = Debug|Any CPU
		{C4D80F65-193B-424A-8EB0-CB4E7CB4F58C}.Release|Any CPU.ActiveCfg = Release|Any CPU
		{C4D80F65-193B-424A-8EB0-CB4E7CB4F58C}.Release|Any CPU.Build.0 = Release|Any CPU
		{1019123C-5103-489D-AAC4-8C4F4D72AB2C}.Debug|Any CPU.ActiveCfg = Debug|Any CPU
		{1019123C-5103-489D-AAC4-8C4F4D72AB2C}.Debug|Any CPU.Build.0 = Debug|Any CPU
		{1019123C-5103-489D-AAC4-8C4F4D72AB2C}.Release|Any CPU.ActiveCfg = Release|Any CPU
		{1019123C-5103-489D-AAC4-8C4F4D72AB2C}.Release|Any CPU.Build.0 = Release|Any CPU
	EndGlobalSection
	GlobalSection(SolutionProperties) = preSolution
		HideSolutionNode = FALSE
	EndGlobalSection
	GlobalSection(NestedProjects) = preSolution
		{6A9C5D89-E9FB-49E1-A11C-9B04E7B91142} = {45961645-0E28-4952-B4F4-9FDB1F4E6AEF}
		{6DE14245-CA4C-4788-B7AC-8950BE56B098} = {45961645-0E28-4952-B4F4-9FDB1F4E6AEF}
		{9B505754-2B2F-4E17-800C-C70BD39299D6} = {AA8C064C-8722-4F23-8B37-AA5D3760527E}
		{F4B4B1FB-EC11-43FD-BC8C-F04D3C6A3EE3} = {9B505754-2B2F-4E17-800C-C70BD39299D6}
		{853E2FEE-9123-45F5-B810-E283CA5A2D26} = {AA8C064C-8722-4F23-8B37-AA5D3760527E}
		{8CB32E14-ADFF-4B8E-A945-4269C1BAD978} = {853E2FEE-9123-45F5-B810-E283CA5A2D26}
		{DBA0589B-351A-49A4-97F0-0D71E0E568F6} = {853E2FEE-9123-45F5-B810-E283CA5A2D26}
		{E15B198F-FF73-4A12-9F68-3F764400E72E} = {8CB32E14-ADFF-4B8E-A945-4269C1BAD978}
		{CC9C8795-1B6C-4FEC-AD85-5E301906D86E} = {DBA0589B-351A-49A4-97F0-0D71E0E568F6}
		{E2015D73-92CE-4062-B366-F7DE36602A46} = {AA8C064C-8722-4F23-8B37-AA5D3760527E}
		{120ECE97-50FC-4BFF-A414-0261CF45ADA3} = {E2015D73-92CE-4062-B366-F7DE36602A46}
		{73367387-5193-4FD6-A3FA-F61374FE4216} = {E2015D73-92CE-4062-B366-F7DE36602A46}
		{C74B16F5-BDC1-4619-B0F9-9B30157A410E} = {120ECE97-50FC-4BFF-A414-0261CF45ADA3}
		{C4D80F65-193B-424A-8EB0-CB4E7CB4F58C} = {73367387-5193-4FD6-A3FA-F61374FE4216}
	EndGlobalSection
	GlobalSection(ExtensibilityGlobals) = postSolution
		SolutionGuid = {13F1B039-6D8F-41BA-9AD7-FA1C9C20B97E}
	EndGlobalSection
EndGlobal
